PODS:
  - MSPeekCollectionViewDelegateImplementation (1.2.2)

DEPENDENCIES:
  - MSPeekCollectionViewDelegateImplementation (from `../`)

EXTERNAL SOURCES:
  MSPeekCollectionViewDelegateImplementation:
    :path: "../"

SPEC CHECKSUMS:
  MSPeekCollectionViewDelegateImplementation: dc9c3aa660f03c4b2bb84edb1144c87ba562915e

PODFILE CHECKSUM: 8d230cee08c8a8b7e62859eff8016277efe2311d

COCOAPODS: 1.6.0
