PODS:
  - MSPeekCollectionViewDelegateImplementation (1.2.0)

DEPENDENCIES:
  - MSPeekCollectionViewDelegateImplementation (from `../`)

EXTERNAL SOURCES:
  MSPeekCollectionViewDelegateImplementation:
    :path: "../"

SPEC CHECKSUMS:
  MSPeekCollectionViewDelegateImplementation: b94079f87cac2087c5fb73fda46553ea3bab63da

PODFILE CHECKSUM: 8d230cee08c8a8b7e62859eff8016277efe2311d

COCOAPODS: 1.6.0
