PODS:
  - MSPeekCollectionViewDelegateImplementation (0.3.0)

DEPENDENCIES:
  - MSPeekCollectionViewDelegateImplementation (from `../`)

EXTERNAL SOURCES:
  MSPeekCollectionViewDelegateImplementation:
    :path: "../"

SPEC CHECKSUMS:
  MSPeekCollectionViewDelegateImplementation: b600297407a161f8599d72be60aea2ff687dbc55

PODFILE CHECKSUM: 8d230cee08c8a8b7e62859eff8016277efe2311d

COCOAPODS: 1.5.3
